
Microsoft Visual Studio Solution File, Format Version 12.00
# Visual Studio Version 16
VisualStudioVersion = 16.0.30114.105
MinimumVisualStudioVersion = 10.0.40219.1
Project("{FAE04EC0-301F-11D3-BF4B-00C04F79EFBC}") = "SelectSort", "SelectSort.csproj", "{A4AFBF8C-5793-4A9F-9058-447EE2305C35}"
EndProject
Project("{FAE04EC0-301F-11D3-BF4B-00C04F79EFBC}") = "Libraries", "..\Libraries\Libraries.csproj", "{C93DE2F4-0491-4E1F-8FDE-3D3E53B1924F}"
EndProject
Global
	GlobalSection(SolutionConfigurationPlatforms) = preSolution
		Debug|Any CPU = Debug|Any CPU
		Release|Any CPU = Release|Any CPU
	EndGlobalSection
	GlobalSection(SolutionProperties) = preSolution
		HideSolutionNode = FALSE
	EndGlobalSection
	GlobalSection(ProjectConfigurationPlatforms) = postSolution
		{A4AFBF8C-5793-4A9F-9058-447EE2305C35}.Debug|Any CPU.ActiveCfg = Debug|Any CPU
		{A4AFBF8C-5793-4A9F-9058-447EE2305C35}.Debug|Any CPU.Build.0 = Debug|Any CPU
		{A4AFBF8C-5793-4A9F-9058-447EE2305C35}.Release|Any CPU.ActiveCfg = Release|Any CPU
		{A4AFBF8C-5793-4A9F-9058-447EE2305C35}.Release|Any CPU.Build.0 = Release|Any CPU
		{C93DE2F4-0491-4E1F-8FDE-3D3E53B1924F}.Debug|Any CPU.ActiveCfg = Debug|Any CPU
		{C93DE2F4-0491-4E1F-8FDE-3D3E53B1924F}.Debug|Any CPU.Build.0 = Debug|Any CPU
		{C93DE2F4-0491-4E1F-8FDE-3D3E53B1924F}.Release|Any CPU.ActiveCfg = Release|Any CPU
		{C93DE2F4-0491-4E1F-8FDE-3D3E53B1924F}.Release|Any CPU.Build.0 = Release|Any CPU
	EndGlobalSection
EndGlobal
