
Microsoft Visual Studio Solution File, Format Version 12.00
# Visual Studio Version 17
VisualStudioVersion = 17.1.31911.260
MinimumVisualStudioVersion = 10.0.40219.1
Project("{FAE04EC0-301F-11D3-BF4B-00C04F79EFBC}") = "TheBackpackProblem", "TheBackpackProblem.csproj", "{F943FCE1-3337-4A04-816D-38F372468281}"
EndProject
Global
	GlobalSection(SolutionConfigurationPlatforms) = preSolution
		Debug|Any CPU = Debug|Any CPU
		Release|Any CPU = Release|Any CPU
	EndGlobalSection
	GlobalSection(ProjectConfigurationPlatforms) = postSolution
		{F943FCE1-3337-4A04-816D-38F372468281}.Debug|Any CPU.ActiveCfg = Debug|Any CPU
		{F943FCE1-3337-4A04-816D-38F372468281}.Debug|Any CPU.Build.0 = Debug|Any CPU
		{F943FCE1-3337-4A04-816D-38F372468281}.Release|Any CPU.ActiveCfg = Release|Any CPU
		{F943FCE1-3337-4A04-816D-38F372468281}.Release|Any CPU.Build.0 = Release|Any CPU
	EndGlobalSection
	GlobalSection(SolutionProperties) = preSolution
		HideSolutionNode = FALSE
	EndGlobalSection
	GlobalSection(ExtensibilityGlobals) = postSolution
		SolutionGuid = {060E125E-EC95-47EB-A97D-EC03A31A375B}
	EndGlobalSection
EndGlobal
