
Microsoft Visual Studio Solution File, Format Version 12.00
# Visual Studio Version 16
VisualStudioVersion = 16.0.31402.337
MinimumVisualStudioVersion = 10.0.40219.1
Project("{FAE04EC0-301F-11D3-BF4B-00C04F79EFBC}") = "kNearestNeighboursAlgorithm", "kNearestNeighboursAlgorithm\kNearestNeighboursAlgorithm.csproj", "{CF32A012-E8CF-4C78-B9BA-AF5B05F7F1DA}"
EndProject
Global
	GlobalSection(SolutionConfigurationPlatforms) = preSolution
		Debug|Any CPU = Debug|Any CPU
		Release|Any CPU = Release|Any CPU
	EndGlobalSection
	GlobalSection(ProjectConfigurationPlatforms) = postSolution
		{CF32A012-E8CF-4C78-B9BA-AF5B05F7F1DA}.Debug|Any CPU.ActiveCfg = Debug|Any CPU
		{CF32A012-E8CF-4C78-B9BA-AF5B05F7F1DA}.Debug|Any CPU.Build.0 = Debug|Any CPU
		{CF32A012-E8CF-4C78-B9BA-AF5B05F7F1DA}.Release|Any CPU.ActiveCfg = Release|Any CPU
		{CF32A012-E8CF-4C78-B9BA-AF5B05F7F1DA}.Release|Any CPU.Build.0 = Release|Any CPU
	EndGlobalSection
	GlobalSection(SolutionProperties) = preSolution
		HideSolutionNode = FALSE
	EndGlobalSection
	GlobalSection(ExtensibilityGlobals) = postSolution
		SolutionGuid = {A3267EB6-4F5B-4E82-8CDC-34E1CFE38494}
	EndGlobalSection
EndGlobal
